
Microsoft Visual Studio Solution File, Format Version 12.00
# Visual Studio 15
VisualStudioVersion = 15.0.28307.489
MinimumVisualStudioVersion = 10.0.40219.1
Project("{FAE04EC0-301F-11D3-BF4B-00C04F79EFBC}") = "AppCliente", "AppCliente\AppCliente.csproj", "{D08DA4FC-31E2-4188-9E20-E8030B3D1756}"
EndProject
Global
	GlobalSection(SolutionConfigurationPlatforms) = preSolution
		Debug|Any CPU = Debug|Any CPU
		Release|Any CPU = Release|Any CPU
	EndGlobalSection
	GlobalSection(ProjectConfigurationPlatforms) = postSolution
		{D08DA4FC-31E2-4188-9E20-E8030B3D1756}.Debug|Any CPU.ActiveCfg = Debug|Any CPU
		{D08DA4FC-31E2-4188-9E20-E8030B3D1756}.Debug|Any CPU.Build.0 = Debug|Any CPU
		{D08DA4FC-31E2-4188-9E20-E8030B3D1756}.Release|Any CPU.ActiveCfg = Release|Any CPU
		{D08DA4FC-31E2-4188-9E20-E8030B3D1756}.Release|Any CPU.Build.0 = Release|Any CPU
	EndGlobalSection
	GlobalSection(SolutionProperties) = preSolution
		HideSolutionNode = FALSE
	EndGlobalSection
	GlobalSection(ExtensibilityGlobals) = postSolution
		SolutionGuid = {FC2F98FB-5AD4-476C-A69B-B21BE88133E1}
	EndGlobalSection
EndGlobal
